// !$*UTF8*$!
{
	archiveVersion = 1;
	classes = {
	};
	objectVersion = 50;
	objects = {

/* Begin PBXBuildFile section */
		8793DE8D213105E4007407F3 /* main.swift in Sources */ = {isa = PBXBuildFile; fileRef = 8793DE8C213105E4007407F3 /* main.swift */; };
		8793DE942131076C007407F3 /* NodeRepresentable.swift in Sources */ = {isa = PBXBuildFile; fileRef = 8793DE932131076C007407F3 /* NodeRepresentable.swift */; };
		8793DE96213107E1007407F3 /* User.swift in Sources */ = {isa = PBXBuildFile; fileRef = 8793DE95213107E1007407F3 /* User.swift */; };
		8793DE9821310AE7007407F3 /* String+Extensions.swift in Sources */ = {isa = PBXBuildFile; fileRef = 8793DE9721310AE7007407F3 /* String+Extensions.swift */; };
		8793DE9A21310B45007407F3 /* FieldsDecoder.swift in Sources */ = {isa = PBXBuildFile; fileRef = 8793DE9921310B45007407F3 /* FieldsDecoder.swift */; };
		8793DE9C21310E2F007407F3 /* Connection.swift in Sources */ = {isa = PBXBuildFile; fileRef = 8793DE9B21310E2F007407F3 /* Connection.swift */; };
/* End PBXBuildFile section */

/* Begin PBXCopyFilesBuildPhase section */
		8793DE87213105E4007407F3 /* CopyFiles */ = {
			isa = PBXCopyFilesBuildPhase;
			buildActionMask = 2147483647;
			dstPath = /usr/share/man/man1/;
			dstSubfolderSpec = 0;
			files = (
			);
			runOnlyForDeploymentPostprocessing = 1;
		};
/* End PBXCopyFilesBuildPhase section */

/* Begin PBXFileReference section */
		8793DE89213105E4007407F3 /* Reflection-Mirror */ = {isa = PBXFileReference; explicitFileType = "compiled.mach-o.executable"; includeInIndex = 0; path = "Reflection-Mirror"; sourceTree = BUILT_PRODUCTS_DIR; };
		8793DE8C213105E4007407F3 /* main.swift */ = {isa = PBXFileReference; lastKnownFileType = sourcecode.swift; path = main.swift; sourceTree = "<group>"; };
		8793DE932131076C007407F3 /* NodeRepresentable.swift */ = {isa = PBXFileReference; lastKnownFileType = sourcecode.swift; path = NodeRepresentable.swift; sourceTree = "<group>"; };
		8793DE95213107E1007407F3 /* User.swift */ = {isa = PBXFileReference; lastKnownFileType = sourcecode.swift; path = User.swift; sourceTree = "<group>"; };
		8793DE9721310AE7007407F3 /* String+Extensions.swift */ = {isa = PBXFileReference; lastKnownFileType = sourcecode.swift; path = "String+Extensions.swift"; sourceTree = "<group>"; };
		8793DE9921310B45007407F3 /* FieldsDecoder.swift */ = {isa = PBXFileReference; lastKnownFileType = sourcecode.swift; path = FieldsDecoder.swift; sourceTree = "<group>"; };
		8793DE9B21310E2F007407F3 /* Connection.swift */ = {isa = PBXFileReference; lastKnownFileType = sourcecode.swift; path = Connection.swift; sourceTree = "<group>"; };
/* End PBXFileReference section */

/* Begin PBXFrameworksBuildPhase section */
		8793DE86213105E4007407F3 /* Frameworks */ = {
			isa = PBXFrameworksBuildPhase;
			buildActionMask = 2147483647;
			files = (
			);
			runOnlyForDeploymentPostprocessing = 0;
		};
/* End PBXFrameworksBuildPhase section */

/* Begin PBXGroup section */
		8793DE80213105E4007407F3 = {
			isa = PBXGroup;
			children = (
				8793DE8B213105E4007407F3 /* Reflection-Mirror */,
				8793DE8A213105E4007407F3 /* Products */,
			);
			sourceTree = "<group>";
		};
		8793DE8A213105E4007407F3 /* Products */ = {
			isa = PBXGroup;
			children = (
				8793DE89213105E4007407F3 /* Reflection-Mirror */,
			);
			name = Products;
			sourceTree = "<group>";
		};
		8793DE8B213105E4007407F3 /* Reflection-Mirror */ = {
			isa = PBXGroup;
			children = (
				8793DE8C213105E4007407F3 /* main.swift */,
				8793DE932131076C007407F3 /* NodeRepresentable.swift */,
				8793DE95213107E1007407F3 /* User.swift */,
				8793DE9721310AE7007407F3 /* String+Extensions.swift */,
				8793DE9921310B45007407F3 /* FieldsDecoder.swift */,
				8793DE9B21310E2F007407F3 /* Connection.swift */,
			);
			path = "Reflection-Mirror";
			sourceTree = "<group>";
		};
/* End PBXGroup section */

/* Begin PBXNativeTarget section */
		8793DE88213105E4007407F3 /* Reflection-Mirror */ = {
			isa = PBXNativeTarget;
			buildConfigurationList = 8793DE90213105E4007407F3 /* Build configuration list for PBXNativeTarget "Reflection-Mirror" */;
			buildPhases = (
				8793DE85213105E4007407F3 /* Sources */,
				8793DE86213105E4007407F3 /* Frameworks */,
				8793DE87213105E4007407F3 /* CopyFiles */,
			);
			buildRules = (
			);
			dependencies = (
			);
			name = "Reflection-Mirror";
			productName = "Reflection-Mirror";
			productReference = 8793DE89213105E4007407F3 /* Reflection-Mirror */;
			productType = "com.apple.product-type.tool";
		};
/* End PBXNativeTarget section */

/* Begin PBXProject section */
		8793DE81213105E4007407F3 /* Project object */ = {
			isa = PBXProject;
			attributes = {
				LastSwiftUpdateCheck = 0940;
				LastUpgradeCheck = 0940;
				ORGANIZATIONNAME = yuaming;
				TargetAttributes = {
					8793DE88213105E4007407F3 = {
						CreatedOnToolsVersion = 9.4.1;
					};
				};
			};
			buildConfigurationList = 8793DE84213105E4007407F3 /* Build configuration list for PBXProject "Reflection-Mirror" */;
			compatibilityVersion = "Xcode 9.3";
			developmentRegion = en;
			hasScannedForEncodings = 0;
			knownRegions = (
				en,
			);
			mainGroup = 8793DE80213105E4007407F3;
			productRefGroup = 8793DE8A213105E4007407F3 /* Products */;
			projectDirPath = "";
			projectRoot = "";
			targets = (
				8793DE88213105E4007407F3 /* Reflection-Mirror */,
			);
		};
/* End PBXProject section */

/* Begin PBXSourcesBuildPhase section */
		8793DE85213105E4007407F3 /* Sources */ = {
			isa = PBXSourcesBuildPhase;
			buildActionMask = 2147483647;
			files = (
				8793DE9821310AE7007407F3 /* String+Extensions.swift in Sources */,
				8793DE9C21310E2F007407F3 /* Connection.swift in Sources */,
				8793DE942131076C007407F3 /* NodeRepresentable.swift in Sources */,
				8793DE8D213105E4007407F3 /* main.swift in Sources */,
				8793DE96213107E1007407F3 /* User.swift in Sources */,
				8793DE9A21310B45007407F3 /* FieldsDecoder.swift in Sources */,
			);
			runOnlyForDeploymentPostprocessing = 0;
		};
/* End PBXSourcesBuildPhase section */

/* Begin XCBuildConfiguration section */
		8793DE8E213105E4007407F3 /* Debug */ = {
			isa = XCBuildConfiguration;
			buildSettings = {
				ALWAYS_SEARCH_USER_PATHS = NO;
				CLANG_ANALYZER_NONNULL = YES;
				CLANG_ANALYZER_NUMBER_OBJECT_CONVERSION = YES_AGGRESSIVE;
				CLANG_CXX_LANGUAGE_STANDARD = "gnu++14";
				CLANG_CXX_LIBRARY = "libc++";
				CLANG_ENABLE_MODULES = YES;
				CLANG_ENABLE_OBJC_ARC = YES;
				CLANG_ENABLE_OBJC_WEAK = YES;
				CLANG_WARN_BLOCK_CAPTURE_AUTORELEASING = YES;
				CLANG_WARN_BOOL_CONVERSION = YES;
				CLANG_WARN_COMMA = YES;
				CLANG_WARN_CONSTANT_CONVERSION = YES;
				CLANG_WARN_DEPRECATED_OBJC_IMPLEMENTATIONS = YES;
				CLANG_WARN_DIRECT_OBJC_ISA_USAGE = YES_ERROR;
				CLANG_WARN_DOCUMENTATION_COMMENTS = YES;
				CLANG_WARN_EMPTY_BODY = YES;
				CLANG_WARN_ENUM_CONVERSION = YES;
				CLANG_WARN_INFINITE_RECURSION = YES;
				CLANG_WARN_INT_CONVERSION = YES;
				CLANG_WARN_NON_LITERAL_NULL_CONVERSION = YES;
				CLANG_WARN_OBJC_IMPLICIT_RETAIN_SELF = YES;
				CLANG_WARN_OBJC_LITERAL_CONVERSION = YES;
				CLANG_WARN_OBJC_ROOT_CLASS = YES_ERROR;
				CLANG_WARN_RANGE_LOOP_ANALYSIS = YES;
				CLANG_WARN_STRICT_PROTOTYPES = YES;
				CLANG_WARN_SUSPICIOUS_MOVE = YES;
				CLANG_WARN_UNGUARDED_AVAILABILITY = YES_AGGRESSIVE;
				CLANG_WARN_UNREACHABLE_CODE = YES;
				CLANG_WARN__DUPLICATE_METHOD_MATCH = YES;
				CODE_SIGN_IDENTITY = "Mac Developer";
				COPY_PHASE_STRIP = NO;
				DEBUG_INFORMATION_FORMAT = dwarf;
				ENABLE_STRICT_OBJC_MSGSEND = YES;
				ENABLE_TESTABILITY = YES;
				GCC_C_LANGUAGE_STANDARD = gnu11;
				GCC_DYNAMIC_NO_PIC = NO;
				GCC_NO_COMMON_BLOCKS = YES;
				GCC_OPTIMIZATION_LEVEL = 0;
				GCC_PREPROCESSOR_DEFINITIONS = (
					"DEBUG=1",
					"$(inherited)",
				);
				GCC_WARN_64_TO_32_BIT_CONVERSION = YES;
				GCC_WARN_ABOUT_RETURN_TYPE = YES_ERROR;
				GCC_WARN_UNDECLARED_SELECTOR = YES;
				GCC_WARN_UNINITIALIZED_AUTOS = YES_AGGRESSIVE;
				GCC_WARN_UNUSED_FUNCTION = YES;
				GCC_WARN_UNUSED_VARIABLE = YES;
				MACOSX_DEPLOYMENT_TARGET = 10.13;
				MTL_ENABLE_DEBUG_INFO = YES;
				ONLY_ACTIVE_ARCH = YES;
				SDKROOT = macosx;
				SWIFT_ACTIVE_COMPILATION_CONDITIONS = DEBUG;
				SWIFT_OPTIMIZATION_LEVEL = "-Onone";
			};
			name = Debug;
		};
		8793DE8F213105E4007407F3 /* Release */ = {
			isa = XCBuildConfiguration;
			buildSettings = {
				ALWAYS_SEARCH_USER_PATHS = NO;
				CLANG_ANALYZER_NONNULL = YES;
				CLANG_ANALYZER_NUMBER_OBJECT_CONVERSION = YES_AGGRESSIVE;
				CLANG_CXX_LANGUAGE_STANDARD = "gnu++14";
				CLANG_CXX_LIBRARY = "libc++";
				CLANG_ENABLE_MODULES = YES;
				CLANG_ENABLE_OBJC_ARC = YES;
				CLANG_ENABLE_OBJC_WEAK = YES;
				CLANG_WARN_BLOCK_CAPTURE_AUTORELEASING = YES;
				CLANG_WARN_BOOL_CONVERSION = YES;
				CLANG_WARN_COMMA = YES;
				CLANG_WARN_CONSTANT_CONVERSION = YES;
				CLANG_WARN_DEPRECATED_OBJC_IMPLEMENTATIONS = YES;
				CLANG_WARN_DIRECT_OBJC_ISA_USAGE = YES_ERROR;
				CLANG_WARN_DOCUMENTATION_COMMENTS = YES;
				CLANG_WARN_EMPTY_BODY = YES;
				CLANG_WARN_ENUM_CONVERSION = YES;
				CLANG_WARN_INFINITE_RECURSION = YES;
				CLANG_WARN_INT_CONVERSION = YES;
				CLANG_WARN_NON_LITERAL_NULL_CONVERSION = YES;
				CLANG_WARN_OBJC_IMPLICIT_RETAIN_SELF = YES;
				CLANG_WARN_OBJC_LITERAL_CONVERSION = YES;
				CLANG_WARN_OBJC_ROOT_CLASS = YES_ERROR;
				CLANG_WARN_RANGE_LOOP_ANALYSIS = YES;
				CLANG_WARN_STRICT_PROTOTYPES = YES;
				CLANG_WARN_SUSPICIOUS_MOVE = YES;
				CLANG_WARN_UNGUARDED_AVAILABILITY = YES_AGGRESSIVE;
				CLANG_WARN_UNREACHABLE_CODE = YES;
				CLANG_WARN__DUPLICATE_METHOD_MATCH = YES;
				CODE_SIGN_IDENTITY = "Mac Developer";
				COPY_PHASE_STRIP = NO;
				DEBUG_INFORMATION_FORMAT = "dwarf-with-dsym";
				ENABLE_NS_ASSERTIONS = NO;
				ENABLE_STRICT_OBJC_MSGSEND = YES;
				GCC_C_LANGUAGE_STANDARD = gnu11;
				GCC_NO_COMMON_BLOCKS = YES;
				GCC_WARN_64_TO_32_BIT_CONVERSION = YES;
				GCC_WARN_ABOUT_RETURN_TYPE = YES_ERROR;
				GCC_WARN_UNDECLARED_SELECTOR = YES;
				GCC_WARN_UNINITIALIZED_AUTOS = YES_AGGRESSIVE;
				GCC_WARN_UNUSED_FUNCTION = YES;
				GCC_WARN_UNUSED_VARIABLE = YES;
				MACOSX_DEPLOYMENT_TARGET = 10.13;
				MTL_ENABLE_DEBUG_INFO = NO;
				SDKROOT = macosx;
				SWIFT_COMPILATION_MODE = wholemodule;
				SWIFT_OPTIMIZATION_LEVEL = "-O";
			};
			name = Release;
		};
		8793DE91213105E4007407F3 /* Debug */ = {
			isa = XCBuildConfiguration;
			buildSettings = {
				CODE_SIGN_STYLE = Automatic;
				DEVELOPMENT_TEAM = T393J4TVCC;
				PRODUCT_NAME = "$(TARGET_NAME)";
				SWIFT_VERSION = 4.0;
			};
			name = Debug;
		};
		8793DE92213105E4007407F3 /* Release */ = {
			isa = XCBuildConfiguration;
			buildSettings = {
				CODE_SIGN_STYLE = Automatic;
				DEVELOPMENT_TEAM = T393J4TVCC;
				PRODUCT_NAME = "$(TARGET_NAME)";
				SWIFT_VERSION = 4.0;
			};
			name = Release;
		};
/* End XCBuildConfiguration section */

/* Begin XCConfigurationList section */
		8793DE84213105E4007407F3 /* Build configuration list for PBXProject "Reflection-Mirror" */ = {
			isa = XCConfigurationList;
			buildConfigurations = (
				8793DE8E213105E4007407F3 /* Debug */,
				8793DE8F213105E4007407F3 /* Release */,
			);
			defaultConfigurationIsVisible = 0;
			defaultConfigurationName = Release;
		};
		8793DE90213105E4007407F3 /* Build configuration list for PBXNativeTarget "Reflection-Mirror" */ = {
			isa = XCConfigurationList;
			buildConfigurations = (
				8793DE91213105E4007407F3 /* Debug */,
				8793DE92213105E4007407F3 /* Release */,
			);
			defaultConfigurationIsVisible = 0;
			defaultConfigurationName = Release;
		};
/* End XCConfigurationList section */
	};
	rootObject = 8793DE81213105E4007407F3 /* Project object */;
}
